{
    "emag-tech-labs/rabbitmq-bundle": {
        "version": "2.0.2"
    },
    "mp091689/analytics-bundle": {
        "version": "dev-master"
    },
    "php": {
        "version": "7.4"
    },
    "php-amqplib/php-amqplib": {
        "version": "v2.11.1"
    },
    "phpseclib/phpseclib": {
        "version": "2.0.25"
    },
    "socialtechio/slow-storage-emulator": {
        "version": "dev-master"
    }
}
